Microsoft Visual Studio Solution File, Format Version 12.00
# Visual Studio Version 17
VisualStudioVersion = 17.7.34018.315
MinimumVisualStudioVersion = 10.0.40219.1
Project("{9A19103F-16F7-4668-BE54-9A1E7A4F7556}") = "BusinessLayer", "BusinessLayer\BusinessLayer.csproj", "{7A506FDE-B8B1-473C-817B-08197605931E}"
EndProject
Project("{9A19103F-16F7-4668-BE54-9A1E7A4F7556}") = "DataLayer", "DataLayer\DataLayer.csproj", "{B01DB85B-1C56-4E23-98B6-AD2FAD831424}"
	ProjectSection(ProjectDependencies) = postProject
		{7A506FDE-B8B1-473C-817B-08197605931E} = {7A506FDE-B8B1-473C-817B-08197605931E}
	EndProjectSection
EndProject
Project("{9A19103F-16F7-4668-BE54-9A1E7A4F7556}") = "MVC", "MVC\MVC.csproj", "{AA2EF830-4C78-474F-AEAD-159BDFE55FA6}"
	ProjectSection(ProjectDependencies) = postProject
		{7A506FDE-B8B1-473C-817B-08197605931E} = {7A506FDE-B8B1-473C-817B-08197605931E}
		{B01DB85B-1C56-4E23-98B6-AD2FAD831424} = {B01DB85B-1C56-4E23-98B6-AD2FAD831424}
	EndProjectSection
EndProject
Project("{FAE04EC0-301F-11D3-BF4B-00C04F79EFBC}") = "SeedingLayer", "SeedingLayer\SeedingLayer.csproj", "{AFEEB7FF-E1D0-4A95-BF7A-4BA9933D8778}"
EndProject
Project("{FAE04EC0-301F-11D3-BF4B-00C04F79EFBC}") = "ServiceLayer", "ServiceLayer\ServiceLayer.csproj", "{848AB783-4855-4B8A-B10B-C2C5D34F4BAE}"
EndProject
Global
	GlobalSection(SolutionConfigurationPlatforms) = preSolution
		Debug|Any CPU = Debug|Any CPU
		Release|Any CPU = Release|Any CPU
	EndGlobalSection
	GlobalSection(ProjectConfigurationPlatforms) = postSolution
		{7A506FDE-B8B1-473C-817B-08197605931E}.Debug|Any CPU.ActiveCfg = Debug|Any CPU
		{7A506FDE-B8B1-473C-817B-08197605931E}.Debug|Any CPU.Build.0 = Debug|Any CPU
		{7A506FDE-B8B1-473C-817B-08197605931E}.Release|Any CPU.ActiveCfg = Release|Any CPU
		{7A506FDE-B8B1-473C-817B-08197605931E}.Release|Any CPU.Build.0 = Release|Any CPU
		{B01DB85B-1C56-4E23-98B6-AD2FAD831424}.Debug|Any CPU.ActiveCfg = Debug|Any CPU
		{B01DB85B-1C56-4E23-98B6-AD2FAD831424}.Debug|Any CPU.Build.0 = Debug|Any CPU
		{B01DB85B-1C56-4E23-98B6-AD2FAD831424}.Release|Any CPU.ActiveCfg = Release|Any CPU
		{B01DB85B-1C56-4E23-98B6-AD2FAD831424}.Release|Any CPU.Build.0 = Release|Any CPU
		{AA2EF830-4C78-474F-AEAD-159BDFE55FA6}.Debug|Any CPU.ActiveCfg = Debug|Any CPU
		{AA2EF830-4C78-474F-AEAD-159BDFE55FA6}.Debug|Any CPU.Build.0 = Debug|Any CPU
		{AA2EF830-4C78-474F-AEAD-159BDFE55FA6}.Release|Any CPU.ActiveCfg = Release|Any CPU
		{AA2EF830-4C78-474F-AEAD-159BDFE55FA6}.Release|Any CPU.Build.0 = Release|Any CPU
		{AFEEB7FF-E1D0-4A95-BF7A-4BA9933D8778}.Debug|Any CPU.ActiveCfg = Debug|Any CPU
		{AFEEB7FF-E1D0-4A95-BF7A-4BA9933D8778}.Debug|Any CPU.Build.0 = Debug|Any CPU
		{AFEEB7FF-E1D0-4A95-BF7A-4BA9933D8778}.Release|Any CPU.ActiveCfg = Release|Any CPU
		{AFEEB7FF-E1D0-4A95-BF7A-4BA9933D8778}.Release|Any CPU.Build.0 = Release|Any CPU
		{848AB783-4855-4B8A-B10B-C2C5D34F4BAE}.Debug|Any CPU.ActiveCfg = Debug|Any CPU
		{848AB783-4855-4B8A-B10B-C2C5D34F4BAE}.Debug|Any CPU.Build.0 = Debug|Any CPU
		{848AB783-4855-4B8A-B10B-C2C5D34F4BAE}.Release|Any CPU.ActiveCfg = Release|Any CPU
		{848AB783-4855-4B8A-B10B-C2C5D34F4BAE}.Release|Any CPU.Build.0 = Release|Any CPU
	EndGlobalSection
	GlobalSection(SolutionProperties) = preSolution
		HideSolutionNode = FALSE
	EndGlobalSection
	GlobalSection(ExtensibilityGlobals) = postSolution
		SolutionGuid = {937BFEF7-1496-409A-8F2C-8426B28AB493}
	EndGlobalSection
EndGlobal
